
Microsoft Visual Studio Solution File, Format Version 12.00
Project("{FAE04EC0-301F-11D3-BF4B-00C04F79EFBC}") = "TiDeadlock", "TiDeadlock\TiDeadlock.csproj", "{C7AE28F2-BEB5-496A-A31F-2D98DB92934A}"
EndProject
Project("{FAE04EC0-301F-11D3-BF4B-00C04F79EFBC}") = "TiDeadlock.Services", "TiDeadlock.Services\TiDeadlock.Services.csproj", "{A1A8C7C7-4A3A-4662-8EF7-4ADC2E5747C1}"
EndProject
Project("{FAE04EC0-301F-11D3-BF4B-00C04F79EFBC}") = "TiDeadlock.Entities", "TiDeadlock.Entities\TiDeadlock.Entities.csproj", "{5254F319-DB1B-4264-B716-59774DF6A696}"
EndProject
Global
	GlobalSection(SolutionConfigurationPlatforms) = preSolution
		Debug|Any CPU = Debug|Any CPU
		Release|Any CPU = Release|Any CPU
	EndGlobalSection
	GlobalSection(ProjectConfigurationPlatforms) = postSolution
		{C7AE28F2-BEB5-496A-A31F-2D98DB92934A}.Debug|Any CPU.ActiveCfg = Debug|Any CPU
		{C7AE28F2-BEB5-496A-A31F-2D98DB92934A}.Debug|Any CPU.Build.0 = Debug|Any CPU
		{C7AE28F2-BEB5-496A-A31F-2D98DB92934A}.Release|Any CPU.ActiveCfg = Release|Any CPU
		{C7AE28F2-BEB5-496A-A31F-2D98DB92934A}.Release|Any CPU.Build.0 = Release|Any CPU
		{A1A8C7C7-4A3A-4662-8EF7-4ADC2E5747C1}.Debug|Any CPU.ActiveCfg = Debug|Any CPU
		{A1A8C7C7-4A3A-4662-8EF7-4ADC2E5747C1}.Debug|Any CPU.Build.0 = Debug|Any CPU
		{A1A8C7C7-4A3A-4662-8EF7-4ADC2E5747C1}.Release|Any CPU.ActiveCfg = Release|Any CPU
		{A1A8C7C7-4A3A-4662-8EF7-4ADC2E5747C1}.Release|Any CPU.Build.0 = Release|Any CPU
		{5254F319-DB1B-4264-B716-59774DF6A696}.Debug|Any CPU.ActiveCfg = Debug|Any CPU
		{5254F319-DB1B-4264-B716-59774DF6A696}.Debug|Any CPU.Build.0 = Debug|Any CPU
		{5254F319-DB1B-4264-B716-59774DF6A696}.Release|Any CPU.ActiveCfg = Release|Any CPU
		{5254F319-DB1B-4264-B716-59774DF6A696}.Release|Any CPU.Build.0 = Release|Any CPU
	EndGlobalSection
EndGlobal
